
Microsoft Visual Studio Solution File, Format Version 12.00
# Visual Studio Version 17
VisualStudioVersion = 17.11.35327.3
MinimumVisualStudioVersion = 10.0.40219.1
Project("{FAE04EC0-301F-11D3-BF4B-00C04F79EFBC}") = "DevFolio", "DevFolio.csproj", "{611197A5-D9C7-4B7A-BA24-0301DFFFC251}"
EndProject
Project("{FAE04EC0-301F-11D3-BF4B-00C04F79EFBC}") = "DevFolio.PostgresMigrations", "DevFolio.PostgresMigrations\DevFolio.PostgresMigrations.csproj", "{A1B2C3D4-E5F6-7890-ABCD-EF1234567890}"
EndProject
Project("{FAE04EC0-301F-11D3-BF4B-00C04F79EFBC}") = "DevFolio.Tests", "DevFolio.Tests\DevFolio.Tests.csproj", "{5E630659-A8FB-4B86-947E-3C01BBD2C157}"
EndProject
Global
	GlobalSection(SolutionConfigurationPlatforms) = preSolution
		Debug|Any CPU = Debug|Any CPU
		Debug|x64 = Debug|x64
		Debug|x86 = Debug|x86
		Release|Any CPU = Release|Any CPU
		Release|x64 = Release|x64
		Release|x86 = Release|x86
	EndGlobalSection
	GlobalSection(ProjectConfigurationPlatforms) = postSolution
		{611197A5-D9C7-4B7A-BA24-0301DFFFC251}.Debug|Any CPU.ActiveCfg = Debug|Any CPU
		{611197A5-D9C7-4B7A-BA24-0301DFFFC251}.Debug|Any CPU.Build.0 = Debug|Any CPU
		{611197A5-D9C7-4B7A-BA24-0301DFFFC251}.Debug|x64.ActiveCfg = Debug|Any CPU
		{611197A5-D9C7-4B7A-BA24-0301DFFFC251}.Debug|x64.Build.0 = Debug|Any CPU
		{611197A5-D9C7-4B7A-BA24-0301DFFFC251}.Debug|x86.ActiveCfg = Debug|Any CPU
		{611197A5-D9C7-4B7A-BA24-0301DFFFC251}.Debug|x86.Build.0 = Debug|Any CPU
		{611197A5-D9C7-4B7A-BA24-0301DFFFC251}.Release|Any CPU.ActiveCfg = Release|Any CPU
		{611197A5-D9C7-4B7A-BA24-0301DFFFC251}.Release|Any CPU.Build.0 = Release|Any CPU
		{611197A5-D9C7-4B7A-BA24-0301DFFFC251}.Release|x64.ActiveCfg = Release|Any CPU
		{611197A5-D9C7-4B7A-BA24-0301DFFFC251}.Release|x64.Build.0 = Release|Any CPU
		{611197A5-D9C7-4B7A-BA24-0301DFFFC251}.Release|x86.ActiveCfg = Release|Any CPU
		{611197A5-D9C7-4B7A-BA24-0301DFFFC251}.Release|x86.Build.0 = Release|Any CPU
		{A1B2C3D4-E5F6-7890-ABCD-EF1234567890}.Debug|Any CPU.ActiveCfg = Debug|Any CPU
		{A1B2C3D4-E5F6-7890-ABCD-EF1234567890}.Debug|Any CPU.Build.0 = Debug|Any CPU
		{A1B2C3D4-E5F6-7890-ABCD-EF1234567890}.Debug|x64.ActiveCfg = Debug|Any CPU
		{A1B2C3D4-E5F6-7890-ABCD-EF1234567890}.Debug|x64.Build.0 = Debug|Any CPU
		{A1B2C3D4-E5F6-7890-ABCD-EF1234567890}.Debug|x86.ActiveCfg = Debug|Any CPU
		{A1B2C3D4-E5F6-7890-ABCD-EF1234567890}.Debug|x86.Build.0 = Debug|Any CPU
		{A1B2C3D4-E5F6-7890-ABCD-EF1234567890}.Release|Any CPU.ActiveCfg = Release|Any CPU
		{A1B2C3D4-E5F6-7890-ABCD-EF1234567890}.Release|Any CPU.Build.0 = Release|Any CPU
		{A1B2C3D4-E5F6-7890-ABCD-EF1234567890}.Release|x64.ActiveCfg = Release|Any CPU
		{A1B2C3D4-E5F6-7890-ABCD-EF1234567890}.Release|x64.Build.0 = Release|Any CPU
		{A1B2C3D4-E5F6-7890-ABCD-EF1234567890}.Release|x86.ActiveCfg = Release|Any CPU
		{A1B2C3D4-E5F6-7890-ABCD-EF1234567890}.Release|x86.Build.0 = Release|Any CPU
		{5E630659-A8FB-4B86-947E-3C01BBD2C157}.Debug|Any CPU.ActiveCfg = Debug|Any CPU
		{5E630659-A8FB-4B86-947E-3C01BBD2C157}.Debug|Any CPU.Build.0 = Debug|Any CPU
		{5E630659-A8FB-4B86-947E-3C01BBD2C157}.Debug|x64.ActiveCfg = Debug|Any CPU
		{5E630659-A8FB-4B86-947E-3C01BBD2C157}.Debug|x64.Build.0 = Debug|Any CPU
		{5E630659-A8FB-4B86-947E-3C01BBD2C157}.Debug|x86.ActiveCfg = Debug|Any CPU
		{5E630659-A8FB-4B86-947E-3C01BBD2C157}.Debug|x86.Build.0 = Debug|Any CPU
		{5E630659-A8FB-4B86-947E-3C01BBD2C157}.Release|Any CPU.ActiveCfg = Release|Any CPU
		{5E630659-A8FB-4B86-947E-3C01BBD2C157}.Release|Any CPU.Build.0 = Release|Any CPU
		{5E630659-A8FB-4B86-947E-3C01BBD2C157}.Release|x64.ActiveCfg = Release|Any CPU
		{5E630659-A8FB-4B86-947E-3C01BBD2C157}.Release|x64.Build.0 = Release|Any CPU
		{5E630659-A8FB-4B86-947E-3C01BBD2C157}.Release|x86.ActiveCfg = Release|Any CPU
		{5E630659-A8FB-4B86-947E-3C01BBD2C157}.Release|x86.Build.0 = Release|Any CPU
	EndGlobalSection
	GlobalSection(SolutionProperties) = preSolution
		HideSolutionNode = FALSE
	EndGlobalSection
	GlobalSection(ExtensibilityGlobals) = postSolution
		SolutionGuid = {883C5375-0A12-4000-8996-171D88BE07FF}
	EndGlobalSection
EndGlobal
